
Microsoft Visual Studio Solution File, Format Version 12.00
# Visual Studio Version 16
VisualStudioVersion = 16.0.32126.315
MinimumVisualStudioVersion = 10.0.40219.1
Project("{FAE04EC0-301F-11D3-BF4B-00C04F79EFBC}") = "DazToUnrealOnlineInstaller", "DazToUnrealOnlineInstaller.csproj", "{BDBAE5B0-4C33-48F8-95B2-C80E292DB704}"
EndProject
Global
	GlobalSection(SolutionConfigurationPlatforms) = preSolution
		Debug|Any CPU = Debug|Any CPU
		Release|Any CPU = Release|Any CPU
	EndGlobalSection
	GlobalSection(ProjectConfigurationPlatforms) = postSolution
		{BDBAE5B0-4C33-48F8-95B2-C80E292DB704}.Debug|Any CPU.ActiveCfg = Debug|Any CPU
		{BDBAE5B0-4C33-48F8-95B2-C80E292DB704}.Debug|Any CPU.Build.0 = Debug|Any CPU
		{BDBAE5B0-4C33-48F8-95B2-C80E292DB704}.Release|Any CPU.ActiveCfg = Release|Any CPU
		{BDBAE5B0-4C33-48F8-95B2-C80E292DB704}.Release|Any CPU.Build.0 = Release|Any CPU
	EndGlobalSection
	GlobalSection(SolutionProperties) = preSolution
		HideSolutionNode = FALSE
	EndGlobalSection
	GlobalSection(ExtensibilityGlobals) = postSolution
		SolutionGuid = {1DCC8C13-4E30-40D2-92C7-36D63B1EF35F}
	EndGlobalSection
EndGlobal
